{
  "requires": true,
  "lockfileVersion": 1,
  "dependencies": {
    "bulma-dashboard": {
      "version": "0.3.1",
      "resolved": "https://registry.npmjs.org/bulma-dashboard/-/bulma-dashboard-0.3.1.tgz",
      "integrity": "sha512-SRkBz2g5N7w8ODSxN23MDSe0nK+beb8jgeRdiKdbsq2LXTXN5TNoyWvpaScj28blNJift+Ks92XoUohvdPkL5A=="
    }
  }
}
